
Microsoft Visual Studio Solution File, Format Version 12.00
# Visual Studio Version 16
VisualStudioVersion = 16.0.29709.97
MinimumVisualStudioVersion = 10.0.40219.1
Project("{FAE04EC0-301F-11D3-BF4B-00C04F79EFBC}") = "MicroLiteMonsterGenerator", "MicroLiteMonsterGenerator\MicroLiteMonsterGenerator.csproj", "{4C182B41-E6CA-48A6-9710-C457ED0D5026}"
EndProject
Global
	GlobalSection(SolutionConfigurationPlatforms) = preSolution
		Debug|Any CPU = Debug|Any CPU
		Release|Any CPU = Release|Any CPU
	EndGlobalSection
	GlobalSection(ProjectConfigurationPlatforms) = postSolution
		{4C182B41-E6CA-48A6-9710-C457ED0D5026}.Debug|Any CPU.ActiveCfg = Debug|Any CPU
		{4C182B41-E6CA-48A6-9710-C457ED0D5026}.Debug|Any CPU.Build.0 = Debug|Any CPU
		{4C182B41-E6CA-48A6-9710-C457ED0D5026}.Release|Any CPU.ActiveCfg = Release|Any CPU
		{4C182B41-E6CA-48A6-9710-C457ED0D5026}.Release|Any CPU.Build.0 = Release|Any CPU
	EndGlobalSection
	GlobalSection(SolutionProperties) = preSolution
		HideSolutionNode = FALSE
	EndGlobalSection
	GlobalSection(ExtensibilityGlobals) = postSolution
		SolutionGuid = {083EDD0B-99F3-47F0-8A42-D71066DB2EB8}
	EndGlobalSection
EndGlobal
